
Microsoft Visual Studio Solution File, Format Version 12.00
# Visual Studio Version 16
VisualStudioVersion = 16.0.29020.237
MinimumVisualStudioVersion = 10.0.40219.1
Project("{2150E333-8FDC-42A3-9474-1A3956D46DE8}") = "solution-items", "solution-items", "{731730B9-645C-430A-AB05-3FC2BED63614}"
	ProjectSection(SolutionItems) = preProject
		.gitattributes = .gitattributes
		.gitignore = .gitignore
		common.props = common.props
		LICENSE = LICENSE
		README.md = README.md
	EndProjectSection
EndProject
Project("{2150E333-8FDC-42A3-9474-1A3956D46DE8}") = "api", "api", "{A659EDAE-8300-428D-9182-828CB7C1D060}"
EndProject
Project("{2150E333-8FDC-42A3-9474-1A3956D46DE8}") = "web", "web", "{D9F2B322-C5CC-454A-895B-61ABE3DCE625}"
EndProject
Project("{2150E333-8FDC-42A3-9474-1A3956D46DE8}") = "db-migrations", "db-migrations", "{0566BD88-37BA-4AB0-9F73-AF50B6F3126E}"
EndProject
Project("{2150E333-8FDC-42A3-9474-1A3956D46DE8}") = "test", "test", "{D7CB0953-1482-47FC-BF7C-53F36A24C490}"
EndProject
Project("{9A19103F-16F7-4668-BE54-9A1E7A4F7556}") = "Memoyu.Blog.Domain", "Memoyu.Blog.Domain\Memoyu.Blog.Domain.csproj", "{554AD327-6DBA-4F8F-96F8-81CE7A0C863F}"
EndProject
Project("{9A19103F-16F7-4668-BE54-9A1E7A4F7556}") = "Memoyu.Blog.Application", "Memoyu.Blog.Application\Memoyu.Blog.Application.csproj", "{1A94A50E-06DC-43C1-80B5-B662820EC3EB}"
EndProject
Project("{9A19103F-16F7-4668-BE54-9A1E7A4F7556}") = "Memoyu.Blog.EntityFrameworkCore", "Memoyu.Blog.EntityFrameworkCore\Memoyu.Blog.EntityFrameworkCore.csproj", "{C956DD76-69C8-4A9C-83EA-D17DF83340FD}"
EndProject
Project("{9A19103F-16F7-4668-BE54-9A1E7A4F7556}") = "Memoyu.Blog.HttpApi.Hosting", "Memoyu.Blog.HttpApi.Hosting\Memoyu.Blog.HttpApi.Hosting.csproj", "{068855E8-9240-4F1A-910B-CF825794513B}"
EndProject
Project("{9A19103F-16F7-4668-BE54-9A1E7A4F7556}") = "Memoyu.Blog.EntityFrameworkCore.DbMigrations", "Memoyu.Blog.EntityFrameworkCore.DbMigrations\Memoyu.Blog.EntityFrameworkCore.DbMigrations.csproj", "{0372FA84-C517-4EB3-9A9F-B9ACAC0CA5E0}"
EndProject
Project("{9A19103F-16F7-4668-BE54-9A1E7A4F7556}") = "Memoyu.Blog.Domain.Shared", "Memoyu.Blog.Domain.Shared\Memoyu.Blog.Domain.Shared.csproj", "{42F719ED-8413-4895-B5B4-5AB56079BC66}"
EndProject
Project("{9A19103F-16F7-4668-BE54-9A1E7A4F7556}") = "Memoyu.Blog.Application.Contracts", "Memoyu.Blog.Application.Contracts\Memoyu.Blog.Application.Contracts.csproj", "{520659C8-C734-4298-A3DA-B539DB9DFC0B}"
EndProject
Project("{9A19103F-16F7-4668-BE54-9A1E7A4F7556}") = "Memoyu.Blog.HttpApi", "Memoyu.Blog.HttpApi\Memoyu.Blog.HttpApi.csproj", "{4164BDF7-F527-4E85-9CE6-E3C2D7426A27}"
EndProject
Project("{9A19103F-16F7-4668-BE54-9A1E7A4F7556}") = "Memoyu.Blog.Application.Caching", "Memoyu.Blog.Application.Caching\Memoyu.Blog.Application.Caching.csproj", "{F43D0EDD-864B-4A3D-B0F2-BAFF7404B311}"
EndProject
Project("{9A19103F-16F7-4668-BE54-9A1E7A4F7556}") = "Memoyu.Blog.BackgroundJobs", "Memoyu.Blog.BackgroundJobs\Memoyu.Blog.BackgroundJobs.csproj", "{6A5CA893-CE04-40E6-BA1B-E4005FDE7FA7}"
EndProject
Project("{9A19103F-16F7-4668-BE54-9A1E7A4F7556}") = "Memoyu.Blog.Swagger", "Memoyu.Blog.Swagger\Memoyu.Blog.Swagger.csproj", "{C51C3C80-87EA-4EBD-8536-59F53E3F1657}"
EndProject
Project("{9A19103F-16F7-4668-BE54-9A1E7A4F7556}") = "Memoyu.Blog.ToolKits", "Memoyu.Blog.ToolKits\Memoyu.Blog.ToolKits.csproj", "{EDC749D2-159A-46AE-86FF-A8927DDF2956}"
EndProject
Project("{9A19103F-16F7-4668-BE54-9A1E7A4F7556}") = "Memoyu.Blog.BlazorApp", "Memoyu.Blog.BlazorApp\Memoyu.Blog.BlazorApp.csproj", "{71966023-8827-43F2-BC33-7F37422AC18C}"
EndProject
Global
	GlobalSection(SolutionConfigurationPlatforms) = preSolution
		Debug|Any CPU = Debug|Any CPU
		Release|Any CPU = Release|Any CPU
	EndGlobalSection
	GlobalSection(ProjectConfigurationPlatforms) = postSolution
		{554AD327-6DBA-4F8F-96F8-81CE7A0C863F}.Debug|Any CPU.ActiveCfg = Debug|Any CPU
		{554AD327-6DBA-4F8F-96F8-81CE7A0C863F}.Debug|Any CPU.Build.0 = Debug|Any CPU
		{554AD327-6DBA-4F8F-96F8-81CE7A0C863F}.Release|Any CPU.ActiveCfg = Release|Any CPU
		{554AD327-6DBA-4F8F-96F8-81CE7A0C863F}.Release|Any CPU.Build.0 = Release|Any CPU
		{1A94A50E-06DC-43C1-80B5-B662820EC3EB}.Debug|Any CPU.ActiveCfg = Debug|Any CPU
		{1A94A50E-06DC-43C1-80B5-B662820EC3EB}.Debug|Any CPU.Build.0 = Debug|Any CPU
		{1A94A50E-06DC-43C1-80B5-B662820EC3EB}.Release|Any CPU.ActiveCfg = Release|Any CPU
		{1A94A50E-06DC-43C1-80B5-B662820EC3EB}.Release|Any CPU.Build.0 = Release|Any CPU
		{C956DD76-69C8-4A9C-83EA-D17DF83340FD}.Debug|Any CPU.ActiveCfg = Debug|Any CPU
		{C956DD76-69C8-4A9C-83EA-D17DF83340FD}.Debug|Any CPU.Build.0 = Debug|Any CPU
		{C956DD76-69C8-4A9C-83EA-D17DF83340FD}.Release|Any CPU.ActiveCfg = Release|Any CPU
		{C956DD76-69C8-4A9C-83EA-D17DF83340FD}.Release|Any CPU.Build.0 = Release|Any CPU
		{068855E8-9240-4F1A-910B-CF825794513B}.Debug|Any CPU.ActiveCfg = Debug|Any CPU
		{068855E8-9240-4F1A-910B-CF825794513B}.Debug|Any CPU.Build.0 = Debug|Any CPU
		{068855E8-9240-4F1A-910B-CF825794513B}.Release|Any CPU.ActiveCfg = Release|Any CPU
		{068855E8-9240-4F1A-910B-CF825794513B}.Release|Any CPU.Build.0 = Release|Any CPU
		{0372FA84-C517-4EB3-9A9F-B9ACAC0CA5E0}.Debug|Any CPU.ActiveCfg = Debug|Any CPU
		{0372FA84-C517-4EB3-9A9F-B9ACAC0CA5E0}.Debug|Any CPU.Build.0 = Debug|Any CPU
		{0372FA84-C517-4EB3-9A9F-B9ACAC0CA5E0}.Release|Any CPU.ActiveCfg = Release|Any CPU
		{0372FA84-C517-4EB3-9A9F-B9ACAC0CA5E0}.Release|Any CPU.Build.0 = Release|Any CPU
		{42F719ED-8413-4895-B5B4-5AB56079BC66}.Debug|Any CPU.ActiveCfg = Debug|Any CPU
		{42F719ED-8413-4895-B5B4-5AB56079BC66}.Debug|Any CPU.Build.0 = Debug|Any CPU
		{42F719ED-8413-4895-B5B4-5AB56079BC66}.Release|Any CPU.ActiveCfg = Release|Any CPU
		{42F719ED-8413-4895-B5B4-5AB56079BC66}.Release|Any CPU.Build.0 = Release|Any CPU
		{520659C8-C734-4298-A3DA-B539DB9DFC0B}.Debug|Any CPU.ActiveCfg = Debug|Any CPU
		{520659C8-C734-4298-A3DA-B539DB9DFC0B}.Debug|Any CPU.Build.0 = Debug|Any CPU
		{520659C8-C734-4298-A3DA-B539DB9DFC0B}.Release|Any CPU.ActiveCfg = Release|Any CPU
		{520659C8-C734-4298-A3DA-B539DB9DFC0B}.Release|Any CPU.Build.0 = Release|Any CPU
		{4164BDF7-F527-4E85-9CE6-E3C2D7426A27}.Debug|Any CPU.ActiveCfg = Debug|Any CPU
		{4164BDF7-F527-4E85-9CE6-E3C2D7426A27}.Debug|Any CPU.Build.0 = Debug|Any CPU
		{4164BDF7-F527-4E85-9CE6-E3C2D7426A27}.Release|Any CPU.ActiveCfg = Release|Any CPU
		{4164BDF7-F527-4E85-9CE6-E3C2D7426A27}.Release|Any CPU.Build.0 = Release|Any CPU
		{F43D0EDD-864B-4A3D-B0F2-BAFF7404B311}.Debug|Any CPU.ActiveCfg = Debug|Any CPU
		{F43D0EDD-864B-4A3D-B0F2-BAFF7404B311}.Debug|Any CPU.Build.0 = Debug|Any CPU
		{F43D0EDD-864B-4A3D-B0F2-BAFF7404B311}.Release|Any CPU.ActiveCfg = Release|Any CPU
		{F43D0EDD-864B-4A3D-B0F2-BAFF7404B311}.Release|Any CPU.Build.0 = Release|Any CPU
		{6A5CA893-CE04-40E6-BA1B-E4005FDE7FA7}.Debug|Any CPU.ActiveCfg = Debug|Any CPU
		{6A5CA893-CE04-40E6-BA1B-E4005FDE7FA7}.Debug|Any CPU.Build.0 = Debug|Any CPU
		{6A5CA893-CE04-40E6-BA1B-E4005FDE7FA7}.Release|Any CPU.ActiveCfg = Release|Any CPU
		{6A5CA893-CE04-40E6-BA1B-E4005FDE7FA7}.Release|Any CPU.Build.0 = Release|Any CPU
		{C51C3C80-87EA-4EBD-8536-59F53E3F1657}.Debug|Any CPU.ActiveCfg = Debug|Any CPU
		{C51C3C80-87EA-4EBD-8536-59F53E3F1657}.Debug|Any CPU.Build.0 = Debug|Any CPU
		{C51C3C80-87EA-4EBD-8536-59F53E3F1657}.Release|Any CPU.ActiveCfg = Release|Any CPU
		{C51C3C80-87EA-4EBD-8536-59F53E3F1657}.Release|Any CPU.Build.0 = Release|Any CPU
		{EDC749D2-159A-46AE-86FF-A8927DDF2956}.Debug|Any CPU.ActiveCfg = Debug|Any CPU
		{EDC749D2-159A-46AE-86FF-A8927DDF2956}.Debug|Any CPU.Build.0 = Debug|Any CPU
		{EDC749D2-159A-46AE-86FF-A8927DDF2956}.Release|Any CPU.ActiveCfg = Release|Any CPU
		{EDC749D2-159A-46AE-86FF-A8927DDF2956}.Release|Any CPU.Build.0 = Release|Any CPU
		{71966023-8827-43F2-BC33-7F37422AC18C}.Debug|Any CPU.ActiveCfg = Debug|Any CPU
		{71966023-8827-43F2-BC33-7F37422AC18C}.Debug|Any CPU.Build.0 = Debug|Any CPU
		{71966023-8827-43F2-BC33-7F37422AC18C}.Release|Any CPU.ActiveCfg = Release|Any CPU
		{71966023-8827-43F2-BC33-7F37422AC18C}.Release|Any CPU.Build.0 = Release|Any CPU
	EndGlobalSection
	GlobalSection(SolutionProperties) = preSolution
		HideSolutionNode = FALSE
	EndGlobalSection
	GlobalSection(NestedProjects) = preSolution
		{068855E8-9240-4F1A-910B-CF825794513B} = {A659EDAE-8300-428D-9182-828CB7C1D060}
		{0372FA84-C517-4EB3-9A9F-B9ACAC0CA5E0} = {0566BD88-37BA-4AB0-9F73-AF50B6F3126E}
		{71966023-8827-43F2-BC33-7F37422AC18C} = {D9F2B322-C5CC-454A-895B-61ABE3DCE625}
	EndGlobalSection
	GlobalSection(ExtensibilityGlobals) = postSolution
		SolutionGuid = {28315BFD-90E7-4E14-A2EA-F3D23AF4126F}
	EndGlobalSection
EndGlobal
